// !$*UTF8*$!
{
	archiveVersion = 1;
	classes = {
	};
	objectVersion = 50;
	objects = {

/* Begin PBXBuildFile section */
		ED44E7C02755D3780003AC81 /* AddAppDelegate.swift in Sources */ = {isa = PBXBuildFile; fileRef = ED44E7BF2755D3780003AC81 /* AddAppDelegate.swift */; };
		ED44E7C22755D3780003AC81 /* SceneDelegate.swift in Sources */ = {isa = PBXBuildFile; fileRef = ED44E7C12755D3780003AC81 /* SceneDelegate.swift */; };
		ED44E7C42755D3780003AC81 /* EventsViewController.swift in Sources */ = {isa = PBXBuildFile; fileRef = ED44E7C32755D3780003AC81 /* EventsViewController.swift */; };
		ED44E7C72755D3780003AC81 /* Main.storyboard in Resources */ = {isa = PBXBuildFile; fileRef = ED44E7C52755D3780003AC81 /* Main.storyboard */; };
		ED44E7C92755D37C0003AC81 /* Assets.xcassets in Resources */ = {isa = PBXBuildFile; fileRef = ED44E7C82755D37C0003AC81 /* Assets.xcassets */; };
		ED44E7CC2755D37C0003AC81 /* LaunchScreen.storyboard in Resources */ = {isa = PBXBuildFile; fileRef = ED44E7CA2755D37C0003AC81 /* LaunchScreen.storyboard */; };
		ED44E7D92755D3D60003AC81 /* Event.swift in Sources */ = {isa = PBXBuildFile; fileRef = ED44E7D82755D3D60003AC81 /* Event.swift */; };
		ED44E7DB275685BD0003AC81 /* mock.json in Resources */ = {isa = PBXBuildFile; fileRef = ED44E7DA275685BD0003AC81 /* mock.json */; };
		ED44E7DE27569CBF0003AC81 /* DateFormatter+Extension.swift in Sources */ = {isa = PBXBuildFile; fileRef = ED44E7DD27569CBF0003AC81 /* DateFormatter+Extension.swift */; };
		ED44E7E1275880840003AC81 /* EventPresenter.swift in Sources */ = {isa = PBXBuildFile; fileRef = ED44E7E0275880830003AC81 /* EventPresenter.swift */; };
/* End PBXBuildFile section */

/* Begin PBXFileReference section */
		ED44E7BC2755D3780003AC81 /* UpcomingEvents.app */ = {isa = PBXFileReference; explicitFileType = wrapper.application; includeInIndex = 0; path = UpcomingEvents.app; sourceTree = BUILT_PRODUCTS_DIR; };
		ED44E7BF2755D3780003AC81 /* AddAppDelegate.swift */ = {isa = PBXFileReference; lastKnownFileType = sourcecode.swift; path = AddAppDelegate.swift; sourceTree = "<group>"; };
		ED44E7C12755D3780003AC81 /* SceneDelegate.swift */ = {isa = PBXFileReference; lastKnownFileType = sourcecode.swift; path = SceneDelegate.swift; sourceTree = "<group>"; };
		ED44E7C32755D3780003AC81 /* EventsViewController.swift */ = {isa = PBXFileReference; lastKnownFileType = sourcecode.swift; path = EventsViewController.swift; sourceTree = "<group>"; };
		ED44E7C62755D3780003AC81 /* Base */ = {isa = PBXFileReference; lastKnownFileType = file.storyboard; name = Base; path = Base.lproj/Main.storyboard; sourceTree = "<group>"; };
		ED44E7C82755D37C0003AC81 /* Assets.xcassets */ = {isa = PBXFileReference; lastKnownFileType = folder.assetcatalog; path = Assets.xcassets; sourceTree = "<group>"; };
		ED44E7CB2755D37C0003AC81 /* Base */ = {isa = PBXFileReference; lastKnownFileType = file.storyboard; name = Base; path = Base.lproj/LaunchScreen.storyboard; sourceTree = "<group>"; };
		ED44E7CD2755D37C0003AC81 /* Info.plist */ = {isa = PBXFileReference; lastKnownFileType = text.plist.xml; path = Info.plist; sourceTree = "<group>"; };
		ED44E7D82755D3D60003AC81 /* Event.swift */ = {isa = PBXFileReference; lastKnownFileType = sourcecode.swift; path = Event.swift; sourceTree = "<group>"; };
		ED44E7DA275685BD0003AC81 /* mock.json */ = {isa = PBXFileReference; fileEncoding = 4; lastKnownFileType = text.json; path = mock.json; sourceTree = "<group>"; };
		ED44E7DD27569CBF0003AC81 /* DateFormatter+Extension.swift */ = {isa = PBXFileReference; lastKnownFileType = sourcecode.swift; path = "DateFormatter+Extension.swift"; sourceTree = "<group>"; };
		ED44E7E0275880830003AC81 /* EventPresenter.swift */ = {isa = PBXFileReference; lastKnownFileType = sourcecode.swift; path = EventPresenter.swift; sourceTree = "<group>"; };
/* End PBXFileReference section */

/* Begin PBXFrameworksBuildPhase section */
		ED44E7B92755D3780003AC81 /* Frameworks */ = {
			isa = PBXFrameworksBuildPhase;
			buildActionMask = 2147483647;
			files = (
			);
			runOnlyForDeploymentPostprocessing = 0;
		};
/* End PBXFrameworksBuildPhase section */

/* Begin PBXGroup section */
		ED44E7B32755D3780003AC81 = {
			isa = PBXGroup;
			children = (
				ED44E7BE2755D3780003AC81 /* UpcomingEvents */,
				ED44E7BD2755D3780003AC81 /* Products */,
			);
			sourceTree = "<group>";
		};
		ED44E7BD2755D3780003AC81 /* Products */ = {
			isa = PBXGroup;
			children = (
				ED44E7BC2755D3780003AC81 /* UpcomingEvents.app */,
			);
			name = Products;
			sourceTree = "<group>";
		};
		ED44E7BE2755D3780003AC81 /* UpcomingEvents */ = {
			isa = PBXGroup;
			children = (
				ED44E7DC27569C950003AC81 /* Extensions */,
				ED44E7D72755D3B30003AC81 /* Presenter */,
				ED44E7D62755D3A70003AC81 /* View */,
				ED44E7D52755D39B0003AC81 /* Model */,
				ED44E7BF2755D3780003AC81 /* AddAppDelegate.swift */,
				ED44E7C12755D3780003AC81 /* SceneDelegate.swift */,
				ED44E7C82755D37C0003AC81 /* Assets.xcassets */,
				ED44E7CA2755D37C0003AC81 /* LaunchScreen.storyboard */,
				ED44E7CD2755D37C0003AC81 /* Info.plist */,
				ED44E7DA275685BD0003AC81 /* mock.json */,
			);
			path = UpcomingEvents;
			sourceTree = "<group>";
		};
		ED44E7D52755D39B0003AC81 /* Model */ = {
			isa = PBXGroup;
			children = (
				ED44E7D82755D3D60003AC81 /* Event.swift */,
			);
			path = Model;
			sourceTree = "<group>";
		};
		ED44E7D62755D3A70003AC81 /* View */ = {
			isa = PBXGroup;
			children = (
				ED44E7DF2758803A0003AC81 /* CustomViews */,
				ED44E7C32755D3780003AC81 /* EventsViewController.swift */,
				ED44E7C52755D3780003AC81 /* Main.storyboard */,
			);
			path = View;
			sourceTree = "<group>";
		};
		ED44E7D72755D3B30003AC81 /* Presenter */ = {
			isa = PBXGroup;
			children = (
				ED44E7E0275880830003AC81 /* EventPresenter.swift */,
			);
			path = Presenter;
			sourceTree = "<group>";
		};
		ED44E7DC27569C950003AC81 /* Extensions */ = {
			isa = PBXGroup;
			children = (
				ED44E7DD27569CBF0003AC81 /* DateFormatter+Extension.swift */,
			);
			path = Extensions;
			sourceTree = "<group>";
		};
		ED44E7DF2758803A0003AC81 /* CustomViews */ = {
			isa = PBXGroup;
			children = (
			);
			path = CustomViews;
			sourceTree = "<group>";
		};
/* End PBXGroup section */

/* Begin PBXNativeTarget section */
		ED44E7BB2755D3780003AC81 /* UpcomingEvents */ = {
			isa = PBXNativeTarget;
			buildConfigurationList = ED44E7D02755D37C0003AC81 /* Build configuration list for PBXNativeTarget "UpcomingEvents" */;
			buildPhases = (
				ED44E7B82755D3780003AC81 /* Sources */,
				ED44E7B92755D3780003AC81 /* Frameworks */,
				ED44E7BA2755D3780003AC81 /* Resources */,
			);
			buildRules = (
			);
			dependencies = (
			);
			name = UpcomingEvents;
			productName = UpcomingEvents;
			productReference = ED44E7BC2755D3780003AC81 /* UpcomingEvents.app */;
			productType = "com.apple.product-type.application";
		};
/* End PBXNativeTarget section */

/* Begin PBXProject section */
		ED44E7B42755D3780003AC81 /* Project object */ = {
			isa = PBXProject;
			attributes = {
				LastSwiftUpdateCheck = 1250;
				LastUpgradeCheck = 1250;
				TargetAttributes = {
					ED44E7BB2755D3780003AC81 = {
						CreatedOnToolsVersion = 12.5.1;
					};
				};
			};
			buildConfigurationList = ED44E7B72755D3780003AC81 /* Build configuration list for PBXProject "UpcomingEvents" */;
			compatibilityVersion = "Xcode 9.3";
			developmentRegion = en;
			hasScannedForEncodings = 0;
			knownRegions = (
				en,
				Base,
			);
			mainGroup = ED44E7B32755D3780003AC81;
			productRefGroup = ED44E7BD2755D3780003AC81 /* Products */;
			projectDirPath = "";
			projectRoot = "";
			targets = (
				ED44E7BB2755D3780003AC81 /* UpcomingEvents */,
			);
		};
/* End PBXProject section */

/* Begin PBXResourcesBuildPhase section */
		ED44E7BA2755D3780003AC81 /* Resources */ = {
			isa = PBXResourcesBuildPhase;
			buildActionMask = 2147483647;
			files = (
				ED44E7CC2755D37C0003AC81 /* LaunchScreen.storyboard in Resources */,
				ED44E7C92755D37C0003AC81 /* Assets.xcassets in Resources */,
				ED44E7C72755D3780003AC81 /* Main.storyboard in Resources */,
				ED44E7DB275685BD0003AC81 /* mock.json in Resources */,
			);
			runOnlyForDeploymentPostprocessing = 0;
		};
/* End PBXResourcesBuildPhase section */

/* Begin PBXSourcesBuildPhase section */
		ED44E7B82755D3780003AC81 /* Sources */ = {
			isa = PBXSourcesBuildPhase;
			buildActionMask = 2147483647;
			files = (
				ED44E7D92755D3D60003AC81 /* Event.swift in Sources */,
				ED44E7C42755D3780003AC81 /* EventsViewController.swift in Sources */,
				ED44E7C02755D3780003AC81 /* AddAppDelegate.swift in Sources */,
				ED44E7DE27569CBF0003AC81 /* DateFormatter+Extension.swift in Sources */,
				ED44E7C22755D3780003AC81 /* SceneDelegate.swift in Sources */,
				ED44E7E1275880840003AC81 /* EventPresenter.swift in Sources */,
			);
			runOnlyForDeploymentPostprocessing = 0;
		};
/* End PBXSourcesBuildPhase section */

/* Begin PBXVariantGroup section */
		ED44E7C52755D3780003AC81 /* Main.storyboard */ = {
			isa = PBXVariantGroup;
			children = (
				ED44E7C62755D3780003AC81 /* Base */,
			);
			name = Main.storyboard;
			sourceTree = "<group>";
		};
		ED44E7CA2755D37C0003AC81 /* LaunchScreen.storyboard */ = {
			isa = PBXVariantGroup;
			children = (
				ED44E7CB2755D37C0003AC81 /* Base */,
			);
			name = LaunchScreen.storyboard;
			sourceTree = "<group>";
		};
/* End PBXVariantGroup section */

/* Begin XCBuildConfiguration section */
		ED44E7CE2755D37C0003AC81 /* Debug */ = {
			isa = XCBuildConfiguration;
			buildSettings = {
				ALWAYS_SEARCH_USER_PATHS = NO;
				CLANG_ANALYZER_NONNULL = YES;
				CLANG_ANALYZER_NUMBER_OBJECT_CONVERSION = YES_AGGRESSIVE;
				CLANG_CXX_LANGUAGE_STANDARD = "gnu++14";
				CLANG_CXX_LIBRARY = "libc++";
				CLANG_ENABLE_MODULES = YES;
				CLANG_ENABLE_OBJC_ARC = YES;
				CLANG_ENABLE_OBJC_WEAK = YES;
				CLANG_WARN_BLOCK_CAPTURE_AUTORELEASING = YES;
				CLANG_WARN_BOOL_CONVERSION = YES;
				CLANG_WARN_COMMA = YES;
				CLANG_WARN_CONSTANT_CONVERSION = YES;
				CLANG_WARN_DEPRECATED_OBJC_IMPLEMENTATIONS = YES;
				CLANG_WARN_DIRECT_OBJC_ISA_USAGE = YES_ERROR;
				CLANG_WARN_DOCUMENTATION_COMMENTS = YES;
				CLANG_WARN_EMPTY_BODY = YES;
				CLANG_WARN_ENUM_CONVERSION = YES;
				CLANG_WARN_INFINITE_RECURSION = YES;
				CLANG_WARN_INT_CONVERSION = YES;
				CLANG_WARN_NON_LITERAL_NULL_CONVERSION = YES;
				CLANG_WARN_OBJC_IMPLICIT_RETAIN_SELF = YES;
				CLANG_WARN_OBJC_LITERAL_CONVERSION = YES;
				CLANG_WARN_OBJC_ROOT_CLASS = YES_ERROR;
				CLANG_WARN_QUOTED_INCLUDE_IN_FRAMEWORK_HEADER = YES;
				CLANG_WARN_RANGE_LOOP_ANALYSIS = YES;
				CLANG_WARN_STRICT_PROTOTYPES = YES;
				CLANG_WARN_SUSPICIOUS_MOVE = YES;
				CLANG_WARN_UNGUARDED_AVAILABILITY = YES_AGGRESSIVE;
				CLANG_WARN_UNREACHABLE_CODE = YES;
				CLANG_WARN__DUPLICATE_METHOD_MATCH = YES;
				COPY_PHASE_STRIP = NO;
				DEBUG_INFORMATION_FORMAT = dwarf;
				ENABLE_STRICT_OBJC_MSGSEND = YES;
				ENABLE_TESTABILITY = YES;
				GCC_C_LANGUAGE_STANDARD = gnu11;
				GCC_DYNAMIC_NO_PIC = NO;
				GCC_NO_COMMON_BLOCKS = YES;
				GCC_OPTIMIZATION_LEVEL = 0;
				GCC_PREPROCESSOR_DEFINITIONS = (
					"DEBUG=1",
					"$(inherited)",
				);
				GCC_WARN_64_TO_32_BIT_CONVERSION = YES;
				GCC_WARN_ABOUT_RETURN_TYPE = YES_ERROR;
				GCC_WARN_UNDECLARED_SELECTOR = YES;
				GCC_WARN_UNINITIALIZED_AUTOS = YES_AGGRESSIVE;
				GCC_WARN_UNUSED_FUNCTION = YES;
				GCC_WARN_UNUSED_VARIABLE = YES;
				IPHONEOS_DEPLOYMENT_TARGET = 14.5;
				MTL_ENABLE_DEBUG_INFO = INCLUDE_SOURCE;
				MTL_FAST_MATH = YES;
				ONLY_ACTIVE_ARCH = YES;
				SDKROOT = iphoneos;
				SWIFT_ACTIVE_COMPILATION_CONDITIONS = DEBUG;
				SWIFT_OPTIMIZATION_LEVEL = "-Onone";
			};
			name = Debug;
		};
		ED44E7CF2755D37C0003AC81 /* Release */ = {
			isa = XCBuildConfiguration;
			buildSettings = {
				ALWAYS_SEARCH_USER_PATHS = NO;
				CLANG_ANALYZER_NONNULL = YES;
				CLANG_ANALYZER_NUMBER_OBJECT_CONVERSION = YES_AGGRESSIVE;
				CLANG_CXX_LANGUAGE_STANDARD = "gnu++14";
				CLANG_CXX_LIBRARY = "libc++";
				CLANG_ENABLE_MODULES = YES;
				CLANG_ENABLE_OBJC_ARC = YES;
				CLANG_ENABLE_OBJC_WEAK = YES;
				CLANG_WARN_BLOCK_CAPTURE_AUTORELEASING = YES;
				CLANG_WARN_BOOL_CONVERSION = YES;
				CLANG_WARN_COMMA = YES;
				CLANG_WARN_CONSTANT_CONVERSION = YES;
				CLANG_WARN_DEPRECATED_OBJC_IMPLEMENTATIONS = YES;
				CLANG_WARN_DIRECT_OBJC_ISA_USAGE = YES_ERROR;
				CLANG_WARN_DOCUMENTATION_COMMENTS = YES;
				CLANG_WARN_EMPTY_BODY = YES;
				CLANG_WARN_ENUM_CONVERSION = YES;
				CLANG_WARN_INFINITE_RECURSION = YES;
				CLANG_WARN_INT_CONVERSION = YES;
				CLANG_WARN_NON_LITERAL_NULL_CONVERSION = YES;
				CLANG_WARN_OBJC_IMPLICIT_RETAIN_SELF = YES;
				CLANG_WARN_OBJC_LITERAL_CONVERSION = YES;
				CLANG_WARN_OBJC_ROOT_CLASS = YES_ERROR;
				CLANG_WARN_QUOTED_INCLUDE_IN_FRAMEWORK_HEADER = YES;
				CLANG_WARN_RANGE_LOOP_ANALYSIS = YES;
				CLANG_WARN_STRICT_PROTOTYPES = YES;
				CLANG_WARN_SUSPICIOUS_MOVE = YES;
				CLANG_WARN_UNGUARDED_AVAILABILITY = YES_AGGRESSIVE;
				CLANG_WARN_UNREACHABLE_CODE = YES;
				CLANG_WARN__DUPLICATE_METHOD_MATCH = YES;
				COPY_PHASE_STRIP = NO;
				DEBUG_INFORMATION_FORMAT = "dwarf-with-dsym";
				ENABLE_NS_ASSERTIONS = NO;
				ENABLE_STRICT_OBJC_MSGSEND = YES;
				GCC_C_LANGUAGE_STANDARD = gnu11;
				GCC_NO_COMMON_BLOCKS = YES;
				GCC_WARN_64_TO_32_BIT_CONVERSION = YES;
				GCC_WARN_ABOUT_RETURN_TYPE = YES_ERROR;
				GCC_WARN_UNDECLARED_SELECTOR = YES;
				GCC_WARN_UNINITIALIZED_AUTOS = YES_AGGRESSIVE;
				GCC_WARN_UNUSED_FUNCTION = YES;
				GCC_WARN_UNUSED_VARIABLE = YES;
				IPHONEOS_DEPLOYMENT_TARGET = 14.5;
				MTL_ENABLE_DEBUG_INFO = NO;
				MTL_FAST_MATH = YES;
				SDKROOT = iphoneos;
				SWIFT_COMPILATION_MODE = wholemodule;
				SWIFT_OPTIMIZATION_LEVEL = "-O";
				VALIDATE_PRODUCT = YES;
			};
			name = Release;
		};
		ED44E7D12755D37C0003AC81 /* Debug */ = {
			isa = XCBuildConfiguration;
			buildSettings = {
				ASSETCATALOG_COMPILER_APPICON_NAME = AppIcon;
				ASSETCATALOG_COMPILER_GLOBAL_ACCENT_COLOR_NAME = AccentColor;
				CODE_SIGN_STYLE = Automatic;
				DEVELOPMENT_TEAM = G387Y8424R;
				INFOPLIST_FILE = UpcomingEvents/Info.plist;
				LD_RUNPATH_SEARCH_PATHS = (
					"$(inherited)",
					"@executable_path/Frameworks",
				);
				PRODUCT_BUNDLE_IDENTIFIER = com.plotpoint.UpcomingEvents;
				PRODUCT_NAME = "$(TARGET_NAME)";
				SWIFT_VERSION = 5.0;
				TARGETED_DEVICE_FAMILY = "1,2";
			};
			name = Debug;
		};
		ED44E7D22755D37C0003AC81 /* Release */ = {
			isa = XCBuildConfiguration;
			buildSettings = {
				ASSETCATALOG_COMPILER_APPICON_NAME = AppIcon;
				ASSETCATALOG_COMPILER_GLOBAL_ACCENT_COLOR_NAME = AccentColor;
				CODE_SIGN_STYLE = Automatic;
				DEVELOPMENT_TEAM = G387Y8424R;
				INFOPLIST_FILE = UpcomingEvents/Info.plist;
				LD_RUNPATH_SEARCH_PATHS = (
					"$(inherited)",
					"@executable_path/Frameworks",
				);
				PRODUCT_BUNDLE_IDENTIFIER = com.plotpoint.UpcomingEvents;
				PRODUCT_NAME = "$(TARGET_NAME)";
				SWIFT_VERSION = 5.0;
				TARGETED_DEVICE_FAMILY = "1,2";
			};
			name = Release;
		};
/* End XCBuildConfiguration section */

/* Begin XCConfigurationList section */
		ED44E7B72755D3780003AC81 /* Build configuration list for PBXProject "UpcomingEvents" */ = {
			isa = XCConfigurationList;
			buildConfigurations = (
				ED44E7CE2755D37C0003AC81 /* Debug */,
				ED44E7CF2755D37C0003AC81 /* Release */,
			);
			defaultConfigurationIsVisible = 0;
			defaultConfigurationName = Release;
		};
		ED44E7D02755D37C0003AC81 /* Build configuration list for PBXNativeTarget "UpcomingEvents" */ = {
			isa = XCConfigurationList;
			buildConfigurations = (
				ED44E7D12755D37C0003AC81 /* Debug */,
				ED44E7D22755D37C0003AC81 /* Release */,
			);
			defaultConfigurationIsVisible = 0;
			defaultConfigurationName = Release;
		};
/* End XCConfigurationList section */
	};
	rootObject = ED44E7B42755D3780003AC81 /* Project object */;
}
